{
  "name": "gl-image",
  "version": "0.0.0-rc.1",
  "lockfileVersion": 1,
  "requires": true,
  "dependencies": {
    "@types/mocha": {
      "version": "5.2.7",
      "resolved": "https://registry.npm.taobao.org/@types/mocha/download/@types/mocha-5.2.7.tgz",
      "dev": true
    },
    "@types/node": {
      "version": "12.12.5",
      "resolved": "https://registry.npm.taobao.org/@types/node/download/@types/node-12.12.5.tgz?cache=0&other_urls=https%3A%2F%2Fregistry.npm.taobao.org%2F%40types%2Fnode%2Fdownload%2F%40types%2Fnode-12.12.5.tgz",
      "dev": true
    },
    "mocha": {
      "version": "6.2.2",
      "resolved": "https://registry.npm.taobao.org/mocha/download/mocha-6.2.2.tgz",
      "dev": true,
      "dependencies": {
        "ansi-colors": {
          "version": "https://registry.npm.taobao.org/ansi-colors/download/ansi-colors-3.2.3.tgz",
          "bundled": true
        },
        "browser-stdout": {
          "version": "https://registry.npm.taobao.org/browser-stdout/download/browser-stdout-1.3.1.tgz",
          "bundled": true
        },
        "debug": {
          "version": "https://registry.npm.taobao.org/debug/download/debug-3.2.6.tgz",
          "bundled": true
        },
        "diff": {
          "version": "https://registry.npm.taobao.org/diff/download/diff-3.5.0.tgz",
          "bundled": true
        },
        "escape-string-regexp": {
          "version": "https://registry.npm.taobao.org/escape-string-regexp/download/escape-string-regexp-1.0.5.tgz",
          "bundled": true
        },
        "find-up": {
          "version": "https://registry.npm.taobao.org/find-up/download/find-up-3.0.0.tgz",
          "bundled": true
        },
        "glob": {
          "version": "https://registry.npm.taobao.org/glob/download/glob-7.1.3.tgz",
          "bundled": true
        },
        "growl": {
          "version": "https://registry.npm.taobao.org/growl/download/growl-1.10.5.tgz",
          "bundled": true
        },
        "he": {
          "version": "https://registry.npm.taobao.org/he/download/he-1.2.0.tgz",
          "bundled": true
        },
        "js-yaml": {
          "version": "https://registry.npm.taobao.org/js-yaml/download/js-yaml-3.13.1.tgz",
          "bundled": true
        },
        "log-symbols": {
          "version": "https://registry.npm.taobao.org/log-symbols/download/log-symbols-2.2.0.tgz",
          "bundled": true
        },
        "minimatch": {
          "version": "https://registry.npm.taobao.org/minimatch/download/minimatch-3.0.4.tgz",
          "bundled": true,
          "dependencies": {
            "brace-expansion": {
              "version": "https://registry.npm.taobao.org/brace-expansion/download/brace-expansion-1.1.11.tgz",
              "bundled": true
            }
          }
        },
        "mkdirp": {
          "version": "https://registry.npm.taobao.org/mkdirp/download/mkdirp-0.5.1.tgz",
          "bundled": true
        },
        "ms": {
          "version": "https://registry.npm.taobao.org/ms/download/ms-2.1.1.tgz",
          "bundled": true
        },
        "node-environment-flags": {
          "version": "https://registry.npm.taobao.org/node-environment-flags/download/node-environment-flags-1.0.5.tgz",
          "bundled": true
        },
        "object.assign": {
          "version": "https://registry.npm.taobao.org/object.assign/download/object.assign-4.1.0.tgz",
          "bundled": true
        },
        "strip-json-comments": {
          "version": "https://registry.npm.taobao.org/strip-json-comments/download/strip-json-comments-2.0.1.tgz",
          "bundled": true
        },
        "supports-color": {
          "version": "https://registry.npm.taobao.org/supports-color/download/supports-color-6.0.0.tgz?cache=0&other_urls=https%3A%2F%2Fregistry.npm.taobao.org%2Fsupports-color%2Fdownload%2Fsupports-color-6.0.0.tgz",
          "bundled": true
        },
        "which": {
          "version": "https://registry.npm.taobao.org/which/download/which-1.3.1.tgz?cache=0&sync_timestamp=1570145370228&other_urls=https%3A%2F%2Fregistry.npm.taobao.org%2Fwhich%2Fdownload%2Fwhich-1.3.1.tgz",
          "bundled": true
        },
        "wide-align": {
          "version": "https://registry.npm.taobao.org/wide-align/download/wide-align-1.1.3.tgz",
          "bundled": true,
          "dependencies": {
            "string-width": {
              "version": "https://registry.npm.taobao.org/string-width/download/string-width-2.1.1.tgz",
              "bundled": true
            }
          }
        },
        "yargs": {
          "version": "https://registry.npm.taobao.org/yargs/download/yargs-13.3.0.tgz",
          "bundled": true
        },
        "yargs-parser": {
          "version": "https://registry.npm.taobao.org/yargs-parser/download/yargs-parser-13.1.1.tgz",
          "bundled": true,
          "dependencies": {
            "camelcase": {
              "version": "https://registry.npm.taobao.org/camelcase/download/camelcase-5.3.1.tgz",
              "bundled": true
            },
            "decamelize": {
              "version": "https://registry.npm.taobao.org/decamelize/download/decamelize-1.2.0.tgz",
              "bundled": true
            }
          }
        },
        "yargs-unparser": {
          "version": "https://registry.npm.taobao.org/yargs-unparser/download/yargs-unparser-1.6.0.tgz?cache=0&sync_timestamp=1564464709058&other_urls=https%3A%2F%2Fregistry.npm.taobao.org%2Fyargs-unparser%2Fdownload%2Fyargs-unparser-1.6.0.tgz",
          "bundled": true
        }
      }
    },
    "mocha-junit-reporter": {
      "version": "1.23.1",
      "resolved": "https://registry.npm.taobao.org/mocha-junit-reporter/download/mocha-junit-reporter-1.23.1.tgz?cache=0&other_urls=https%3A%2F%2Fregistry.npm.taobao.org%2Fmocha-junit-reporter%2Fdownload%2Fmocha-junit-reporter-1.23.1.tgz",
      "dev": true,
      "dependencies": {
        "debug": {
          "version": "https://registry.npm.taobao.org/debug/download/debug-2.6.9.tgz",
          "bundled": true
        },
        "md5": {
          "version": "https://registry.npm.taobao.org/md5/download/md5-2.2.1.tgz",
          "bundled": true
        },
        "mkdirp": {
          "version": "https://registry.npm.taobao.org/mkdirp/download/mkdirp-0.5.1.tgz",
          "bundled": true,
          "dependencies": {
            "minimist": {
              "version": "https://registry.npm.taobao.org/minimist/download/minimist-0.0.8.tgz",
              "bundled": true
            }
          }
        },
        "strip-ansi": {
          "version": "https://registry.npm.taobao.org/strip-ansi/download/strip-ansi-4.0.0.tgz",
          "bundled": true
        },
        "xml": {
          "version": "https://registry.npm.taobao.org/xml/download/xml-1.0.1.tgz",
          "bundled": true
        }
      }
    },
    "rimraf": {
      "version": "2.7.1",
      "resolved": "https://registry.npm.taobao.org/rimraf/download/rimraf-2.7.1.tgz",
      "dev": true
    },
    "ts-node": {
      "version": "8.4.1",
      "resolved": "https://registry.npm.taobao.org/ts-node/download/ts-node-8.4.1.tgz",
      "dev": true,
      "dependencies": {
        "arg": {
          "version": "https://registry.npm.taobao.org/arg/download/arg-4.1.1.tgz",
          "bundled": true
        },
        "diff": {
          "version": "https://registry.npm.taobao.org/diff/download/diff-4.0.1.tgz",
          "bundled": true
        },
        "make-error": {
          "version": "https://registry.npm.taobao.org/make-error/download/make-error-1.3.5.tgz",
          "bundled": true
        },
        "source-map-support": {
          "version": "https://registry.npm.taobao.org/source-map-support/download/source-map-support-0.5.16.tgz",
          "bundled": true,
          "dependencies": {
            "buffer-from": {
              "version": "https://registry.npm.taobao.org/buffer-from/download/buffer-from-1.1.1.tgz",
              "bundled": true
            },
            "source-map": {
              "version": "https://registry.npm.taobao.org/source-map/download/source-map-0.6.1.tgz",
              "bundled": true
            }
          }
        },
        "yn": {
          "version": "https://registry.npm.taobao.org/yn/download/yn-3.1.1.tgz?cache=0&other_urls=https%3A%2F%2Fregistry.npm.taobao.org%2Fyn%2Fdownload%2Fyn-3.1.1.tgz",
          "bundled": true
        }
      }
    },
    "typescript": {
      "version": "3.6.4",
      "resolved": "https://registry.npm.taobao.org/typescript/download/typescript-3.6.4.tgz?cache=0&sync_timestamp=1572675519565&other_urls=https%3A%2F%2Fregistry.npm.taobao.org%2Ftypescript%2Fdownload%2Ftypescript-3.6.4.tgz",
      "dev": true
    },
    "util-kit": {
      "version": "0.0.0-rc.6",
      "resolved": "https://registry.npm.taobao.org/util-kit/download/util-kit-0.0.0-rc.6.tgz?cache=0&sync_timestamp=1573041044930&other_urls=https%3A%2F%2Fregistry.npm.taobao.org%2Futil-kit%2Fdownload%2Futil-kit-0.0.0-rc.6.tgz"
    }
  }
}
